// !$*UTF8*$!
{
	archiveVersion = 1;
	classes = {
	};
	objectVersion = 56;
	objects = {

/* Begin PBXBuildFile section */
		A01558972A4D643F00F8D2A0 /* SettingsView.swift in Sources */ = {isa = PBXBuildFile; fileRef = A01558962A4D643F00F8D2A0 /* SettingsView.swift */; };
		A0E4FA362A4C38DA00527A28 /* Tennis Score Tracker Watch App.app in Embed Watch Content */ = {isa = PBXBuildFile; fileRef = A0E4FA352A4C38DA00527A28 /* Tennis Score Tracker Watch App.app */; settings = {ATTRIBUTES = (RemoveHeadersOnCopy, ); }; };
		A0E4FA3B2A4C38DA00527A28 /* Tennis_Score_TrackerApp.swift in Sources */ = {isa = PBXBuildFile; fileRef = A0E4FA3A2A4C38DA00527A28 /* Tennis_Score_TrackerApp.swift */; };
		A0E4FA3D2A4C38DA00527A28 /* ContentView.swift in Sources */ = {isa = PBXBuildFile; fileRef = A0E4FA3C2A4C38DA00527A28 /* ContentView.swift */; };
		A0E4FA3F2A4C38DB00527A28 /* Assets.xcassets in Resources */ = {isa = PBXBuildFile; fileRef = A0E4FA3E2A4C38DB00527A28 /* Assets.xcassets */; };
		A0E4FA422A4C38DB00527A28 /* Preview Assets.xcassets in Resources */ = {isa = PBXBuildFile; fileRef = A0E4FA412A4C38DB00527A28 /* Preview Assets.xcassets */; };
/* End PBXBuildFile section */

/* Begin PBXContainerItemProxy section */
		A0E4FA372A4C38DA00527A28 /* PBXContainerItemProxy */ = {
			isa = PBXContainerItemProxy;
			containerPortal = A0E4FA292A4C38DA00527A28 /* Project object */;
			proxyType = 1;
			remoteGlobalIDString = A0E4FA342A4C38DA00527A28;
			remoteInfo = "Tennis Score Tracker Watch App";
		};
/* End PBXContainerItemProxy section */

/* Begin PBXCopyFilesBuildPhase section */
		A0E4FA482A4C38DB00527A28 /* Embed Watch Content */ = {
			isa = PBXCopyFilesBuildPhase;
			buildActionMask = 2147483647;
			dstPath = "$(CONTENTS_FOLDER_PATH)/Watch";
			dstSubfolderSpec = 16;
			files = (
				A0E4FA362A4C38DA00527A28 /* Tennis Score Tracker Watch App.app in Embed Watch Content */,
			);
			name = "Embed Watch Content";
			runOnlyForDeploymentPostprocessing = 0;
		};
/* End PBXCopyFilesBuildPhase section */

/* Begin PBXFileReference section */
		A01558962A4D643F00F8D2A0 /* SettingsView.swift */ = {isa = PBXFileReference; lastKnownFileType = sourcecode.swift; path = SettingsView.swift; sourceTree = "<group>"; };
		A0E4FA2F2A4C38DA00527A28 /* Tennis Score Tracker.app */ = {isa = PBXFileReference; explicitFileType = wrapper.application; includeInIndex = 0; path = "Tennis Score Tracker.app"; sourceTree = BUILT_PRODUCTS_DIR; };
		A0E4FA352A4C38DA00527A28 /* Tennis Score Tracker Watch App.app */ = {isa = PBXFileReference; explicitFileType = wrapper.application; includeInIndex = 0; path = "Tennis Score Tracker Watch App.app"; sourceTree = BUILT_PRODUCTS_DIR; };
		A0E4FA3A2A4C38DA00527A28 /* Tennis_Score_TrackerApp.swift */ = {isa = PBXFileReference; lastKnownFileType = sourcecode.swift; path = Tennis_Score_TrackerApp.swift; sourceTree = "<group>"; };
		A0E4FA3C2A4C38DA00527A28 /* ContentView.swift */ = {isa = PBXFileReference; lastKnownFileType = sourcecode.swift; path = ContentView.swift; sourceTree = "<group>"; };
		A0E4FA3E2A4C38DB00527A28 /* Assets.xcassets */ = {isa = PBXFileReference; lastKnownFileType = folder.assetcatalog; path = Assets.xcassets; sourceTree = "<group>"; };
		A0E4FA412A4C38DB00527A28 /* Preview Assets.xcassets */ = {isa = PBXFileReference; lastKnownFileType = folder.assetcatalog; path = "Preview Assets.xcassets"; sourceTree = "<group>"; };
/* End PBXFileReference section */

/* Begin PBXFrameworksBuildPhase section */
		A0E4FA322A4C38DA00527A28 /* Frameworks */ = {
			isa = PBXFrameworksBuildPhase;
			buildActionMask = 2147483647;
			files = (
			);
			runOnlyForDeploymentPostprocessing = 0;
		};
/* End PBXFrameworksBuildPhase section */

/* Begin PBXGroup section */
		A0E4FA282A4C38DA00527A28 = {
			isa = PBXGroup;
			children = (
				A0E4FA392A4C38DA00527A28 /* Tennis Score Tracker Watch App */,
				A0E4FA302A4C38DA00527A28 /* Products */,
			);
			sourceTree = "<group>";
		};
		A0E4FA302A4C38DA00527A28 /* Products */ = {
			isa = PBXGroup;
			children = (
				A0E4FA2F2A4C38DA00527A28 /* Tennis Score Tracker.app */,
				A0E4FA352A4C38DA00527A28 /* Tennis Score Tracker Watch App.app */,
			);
			name = Products;
			sourceTree = "<group>";
		};
		A0E4FA392A4C38DA00527A28 /* Tennis Score Tracker Watch App */ = {
			isa = PBXGroup;
			children = (
				A0E4FA3A2A4C38DA00527A28 /* Tennis_Score_TrackerApp.swift */,
				A0E4FA3C2A4C38DA00527A28 /* ContentView.swift */,
				A01558962A4D643F00F8D2A0 /* SettingsView.swift */,
				A0E4FA3E2A4C38DB00527A28 /* Assets.xcassets */,
				A0E4FA402A4C38DB00527A28 /* Preview Content */,
			);
			path = "Tennis Score Tracker Watch App";
			sourceTree = "<group>";
		};
		A0E4FA402A4C38DB00527A28 /* Preview Content */ = {
			isa = PBXGroup;
			children = (
				A0E4FA412A4C38DB00527A28 /* Preview Assets.xcassets */,
			);
			path = "Preview Content";
			sourceTree = "<group>";
		};
/* End PBXGroup section */

/* Begin PBXNativeTarget section */
		A0E4FA2E2A4C38DA00527A28 /* Tennis Score Tracker */ = {
			isa = PBXNativeTarget;
			buildConfigurationList = A0E4FA492A4C38DB00527A28 /* Build configuration list for PBXNativeTarget "Tennis Score Tracker" */;
			buildPhases = (
				A0E4FA2D2A4C38DA00527A28 /* Resources */,
				A0E4FA482A4C38DB00527A28 /* Embed Watch Content */,
			);
			buildRules = (
			);
			dependencies = (
				A0E4FA382A4C38DA00527A28 /* PBXTargetDependency */,
			);
			name = "Tennis Score Tracker";
			productName = "Tennis Score Tracker";
			productReference = A0E4FA2F2A4C38DA00527A28 /* Tennis Score Tracker.app */;
			productType = "com.apple.product-type.application.watchapp2-container";
		};
		A0E4FA342A4C38DA00527A28 /* Tennis Score Tracker Watch App */ = {
			isa = PBXNativeTarget;
			buildConfigurationList = A0E4FA452A4C38DB00527A28 /* Build configuration list for PBXNativeTarget "Tennis Score Tracker Watch App" */;
			buildPhases = (
				A0E4FA312A4C38DA00527A28 /* Sources */,
				A0E4FA322A4C38DA00527A28 /* Frameworks */,
				A0E4FA332A4C38DA00527A28 /* Resources */,
			);
			buildRules = (
			);
			dependencies = (
			);
			name = "Tennis Score Tracker Watch App";
			productName = "Tennis Score Tracker Watch App";
			productReference = A0E4FA352A4C38DA00527A28 /* Tennis Score Tracker Watch App.app */;
			productType = "com.apple.product-type.application";
		};
/* End PBXNativeTarget section */

/* Begin PBXProject section */
		A0E4FA292A4C38DA00527A28 /* Project object */ = {
			isa = PBXProject;
			attributes = {
				BuildIndependentTargetsInParallel = 1;
				LastSwiftUpdateCheck = 1430;
				LastUpgradeCheck = 1430;
				TargetAttributes = {
					A0E4FA2E2A4C38DA00527A28 = {
						CreatedOnToolsVersion = 14.3.1;
					};
					A0E4FA342A4C38DA00527A28 = {
						CreatedOnToolsVersion = 14.3.1;
					};
				};
			};
			buildConfigurationList = A0E4FA2C2A4C38DA00527A28 /* Build configuration list for PBXProject "Tennis Score Tracker" */;
			compatibilityVersion = "Xcode 14.0";
			developmentRegion = en;
			hasScannedForEncodings = 0;
			knownRegions = (
				en,
				Base,
			);
			mainGroup = A0E4FA282A4C38DA00527A28;
			productRefGroup = A0E4FA302A4C38DA00527A28 /* Products */;
			projectDirPath = "";
			projectRoot = "";
			targets = (
				A0E4FA2E2A4C38DA00527A28 /* Tennis Score Tracker */,
				A0E4FA342A4C38DA00527A28 /* Tennis Score Tracker Watch App */,
			);
		};
/* End PBXProject section */

/* Begin PBXResourcesBuildPhase section */
		A0E4FA2D2A4C38DA00527A28 /* Resources */ = {
			isa = PBXResourcesBuildPhase;
			buildActionMask = 2147483647;
			files = (
			);
			runOnlyForDeploymentPostprocessing = 0;
		};
		A0E4FA332A4C38DA00527A28 /* Resources */ = {
			isa = PBXResourcesBuildPhase;
			buildActionMask = 2147483647;
			files = (
				A0E4FA422A4C38DB00527A28 /* Preview Assets.xcassets in Resources */,
				A0E4FA3F2A4C38DB00527A28 /* Assets.xcassets in Resources */,
			);
			runOnlyForDeploymentPostprocessing = 0;
		};
/* End PBXResourcesBuildPhase section */

/* Begin PBXSourcesBuildPhase section */
		A0E4FA312A4C38DA00527A28 /* Sources */ = {
			isa = PBXSourcesBuildPhase;
			buildActionMask = 2147483647;
			files = (
				A01558972A4D643F00F8D2A0 /* SettingsView.swift in Sources */,
				A0E4FA3D2A4C38DA00527A28 /* ContentView.swift in Sources */,
				A0E4FA3B2A4C38DA00527A28 /* Tennis_Score_TrackerApp.swift in Sources */,
			);
			runOnlyForDeploymentPostprocessing = 0;
		};
/* End PBXSourcesBuildPhase section */

/* Begin PBXTargetDependency section */
		A0E4FA382A4C38DA00527A28 /* PBXTargetDependency */ = {
			isa = PBXTargetDependency;
			target = A0E4FA342A4C38DA00527A28 /* Tennis Score Tracker Watch App */;
			targetProxy = A0E4FA372A4C38DA00527A28 /* PBXContainerItemProxy */;
		};
/* End PBXTargetDependency section */

/* Begin XCBuildConfiguration section */
		A0E4FA432A4C38DB00527A28 /* Debug */ = {
			isa = XCBuildConfiguration;
			buildSettings = {
				ALWAYS_SEARCH_USER_PATHS = NO;
				CLANG_ANALYZER_NONNULL = YES;
				CLANG_ANALYZER_NUMBER_OBJECT_CONVERSION = YES_AGGRESSIVE;
				CLANG_CXX_LANGUAGE_STANDARD = "gnu++20";
				CLANG_ENABLE_MODULES = YES;
				CLANG_ENABLE_OBJC_ARC = YES;
				CLANG_ENABLE_OBJC_WEAK = YES;
				CLANG_WARN_BLOCK_CAPTURE_AUTORELEASING = YES;
				CLANG_WARN_BOOL_CONVERSION = YES;
				CLANG_WARN_COMMA = YES;
				CLANG_WARN_CONSTANT_CONVERSION = YES;
				CLANG_WARN_DEPRECATED_OBJC_IMPLEMENTATIONS = YES;
				CLANG_WARN_DIRECT_OBJC_ISA_USAGE = YES_ERROR;
				CLANG_WARN_DOCUMENTATION_COMMENTS = YES;
				CLANG_WARN_EMPTY_BODY = YES;
				CLANG_WARN_ENUM_CONVERSION = YES;
				CLANG_WARN_INFINITE_RECURSION = YES;
				CLANG_WARN_INT_CONVERSION = YES;
				CLANG_WARN_NON_LITERAL_NULL_CONVERSION = YES;
				CLANG_WARN_OBJC_IMPLICIT_RETAIN_SELF = YES;
				CLANG_WARN_OBJC_LITERAL_CONVERSION = YES;
				CLANG_WARN_OBJC_ROOT_CLASS = YES_ERROR;
				CLANG_WARN_QUOTED_INCLUDE_IN_FRAMEWORK_HEADER = YES;
				CLANG_WARN_RANGE_LOOP_ANALYSIS = YES;
				CLANG_WARN_STRICT_PROTOTYPES = YES;
				CLANG_WARN_SUSPICIOUS_MOVE = YES;
				CLANG_WARN_UNGUARDED_AVAILABILITY = YES_AGGRESSIVE;
				CLANG_WARN_UNREACHABLE_CODE = YES;
				CLANG_WARN__DUPLICATE_METHOD_MATCH = YES;
				COPY_PHASE_STRIP = NO;
				DEBUG_INFORMATION_FORMAT = dwarf;
				ENABLE_STRICT_OBJC_MSGSEND = YES;
				ENABLE_TESTABILITY = YES;
				GCC_C_LANGUAGE_STANDARD = gnu11;
				GCC_DYNAMIC_NO_PIC = NO;
				GCC_NO_COMMON_BLOCKS = YES;
				GCC_OPTIMIZATION_LEVEL = 0;
				GCC_PREPROCESSOR_DEFINITIONS = (
					"DEBUG=1",
					"$(inherited)",
				);
				GCC_WARN_64_TO_32_BIT_CONVERSION = YES;
				GCC_WARN_ABOUT_RETURN_TYPE = YES_ERROR;
				GCC_WARN_UNDECLARED_SELECTOR = YES;
				GCC_WARN_UNINITIALIZED_AUTOS = YES_AGGRESSIVE;
				GCC_WARN_UNUSED_FUNCTION = YES;
				GCC_WARN_UNUSED_VARIABLE = YES;
				MTL_ENABLE_DEBUG_INFO = INCLUDE_SOURCE;
				MTL_FAST_MATH = YES;
				ONLY_ACTIVE_ARCH = YES;
				SWIFT_ACTIVE_COMPILATION_CONDITIONS = DEBUG;
				SWIFT_OPTIMIZATION_LEVEL = "-Onone";
			};
			name = Debug;
		};
		A0E4FA442A4C38DB00527A28 /* Release */ = {
			isa = XCBuildConfiguration;
			buildSettings = {
				ALWAYS_SEARCH_USER_PATHS = NO;
				CLANG_ANALYZER_NONNULL = YES;
				CLANG_ANALYZER_NUMBER_OBJECT_CONVERSION = YES_AGGRESSIVE;
				CLANG_CXX_LANGUAGE_STANDARD = "gnu++20";
				CLANG_ENABLE_MODULES = YES;
				CLANG_ENABLE_OBJC_ARC = YES;
				CLANG_ENABLE_OBJC_WEAK = YES;
				CLANG_WARN_BLOCK_CAPTURE_AUTORELEASING = YES;
				CLANG_WARN_BOOL_CONVERSION = YES;
				CLANG_WARN_COMMA = YES;
				CLANG_WARN_CONSTANT_CONVERSION = YES;
				CLANG_WARN_DEPRECATED_OBJC_IMPLEMENTATIONS = YES;
				CLANG_WARN_DIRECT_OBJC_ISA_USAGE = YES_ERROR;
				CLANG_WARN_DOCUMENTATION_COMMENTS = YES;
				CLANG_WARN_EMPTY_BODY = YES;
				CLANG_WARN_ENUM_CONVERSION = YES;
				CLANG_WARN_INFINITE_RECURSION = YES;
				CLANG_WARN_INT_CONVERSION = YES;
				CLANG_WARN_NON_LITERAL_NULL_CONVERSION = YES;
				CLANG_WARN_OBJC_IMPLICIT_RETAIN_SELF = YES;
				CLANG_WARN_OBJC_LITERAL_CONVERSION = YES;
				CLANG_WARN_OBJC_ROOT_CLASS = YES_ERROR;
				CLANG_WARN_QUOTED_INCLUDE_IN_FRAMEWORK_HEADER = YES;
				CLANG_WARN_RANGE_LOOP_ANALYSIS = YES;
				CLANG_WARN_STRICT_PROTOTYPES = YES;
				CLANG_WARN_SUSPICIOUS_MOVE = YES;
				CLANG_WARN_UNGUARDED_AVAILABILITY = YES_AGGRESSIVE;
				CLANG_WARN_UNREACHABLE_CODE = YES;
				CLANG_WARN__DUPLICATE_METHOD_MATCH = YES;
				COPY_PHASE_STRIP = NO;
				DEBUG_INFORMATION_FORMAT = "dwarf-with-dsym";
				ENABLE_NS_ASSERTIONS = NO;
				ENABLE_STRICT_OBJC_MSGSEND = YES;
				GCC_C_LANGUAGE_STANDARD = gnu11;
				GCC_NO_COMMON_BLOCKS = YES;
				GCC_WARN_64_TO_32_BIT_CONVERSION = YES;
				GCC_WARN_ABOUT_RETURN_TYPE = YES_ERROR;
				GCC_WARN_UNDECLARED_SELECTOR = YES;
				GCC_WARN_UNINITIALIZED_AUTOS = YES_AGGRESSIVE;
				GCC_WARN_UNUSED_FUNCTION = YES;
				GCC_WARN_UNUSED_VARIABLE = YES;
				MTL_ENABLE_DEBUG_INFO = NO;
				MTL_FAST_MATH = YES;
				SWIFT_COMPILATION_MODE = wholemodule;
				SWIFT_OPTIMIZATION_LEVEL = "-O";
			};
			name = Release;
		};
		A0E4FA462A4C38DB00527A28 /* Debug */ = {
			isa = XCBuildConfiguration;
			buildSettings = {
				ASSETCATALOG_COMPILER_APPICON_NAME = AppIcon;
				ASSETCATALOG_COMPILER_GLOBAL_ACCENT_COLOR_NAME = AccentColor;
				CODE_SIGN_STYLE = Automatic;
				CURRENT_PROJECT_VERSION = 1;
				DEVELOPMENT_ASSET_PATHS = "\"Tennis Score Tracker Watch App/Preview Content\"";
				ENABLE_PREVIEWS = YES;
				GENERATE_INFOPLIST_FILE = YES;
				INFOPLIST_KEY_CFBundleDisplayName = "Tennis Score Tracker";
				INFOPLIST_KEY_UISupportedInterfaceOrientations = "UIInterfaceOrientationPortrait UIInterfaceOrientationPortraitUpsideDown";
				INFOPLIST_KEY_WKWatchOnly = YES;
				LD_RUNPATH_SEARCH_PATHS = (
					"$(inherited)",
					"@executable_path/Frameworks",
				);
				MARKETING_VERSION = 1.0;
				PRODUCT_BUNDLE_IDENTIFIER = "com.LucasConsolati.Tennis-Score-Tracker.watchkitapp";
				PRODUCT_NAME = "$(TARGET_NAME)";
				SDKROOT = watchos;
				SKIP_INSTALL = YES;
				SWIFT_EMIT_LOC_STRINGS = YES;
				SWIFT_VERSION = 5.0;
				TARGETED_DEVICE_FAMILY = 4;
				WATCHOS_DEPLOYMENT_TARGET = 9.4;
			};
			name = Debug;
		};
		A0E4FA472A4C38DB00527A28 /* Release */ = {
			isa = XCBuildConfiguration;
			buildSettings = {
				ASSETCATALOG_COMPILER_APPICON_NAME = AppIcon;
				ASSETCATALOG_COMPILER_GLOBAL_ACCENT_COLOR_NAME = AccentColor;
				CODE_SIGN_STYLE = Automatic;
				CURRENT_PROJECT_VERSION = 1;
				DEVELOPMENT_ASSET_PATHS = "\"Tennis Score Tracker Watch App/Preview Content\"";
				ENABLE_PREVIEWS = YES;
				GENERATE_INFOPLIST_FILE = YES;
				INFOPLIST_KEY_CFBundleDisplayName = "Tennis Score Tracker";
				INFOPLIST_KEY_UISupportedInterfaceOrientations = "UIInterfaceOrientationPortrait UIInterfaceOrientationPortraitUpsideDown";
				INFOPLIST_KEY_WKWatchOnly = YES;
				LD_RUNPATH_SEARCH_PATHS = (
					"$(inherited)",
					"@executable_path/Frameworks",
				);
				MARKETING_VERSION = 1.0;
				PRODUCT_BUNDLE_IDENTIFIER = "com.LucasConsolati.Tennis-Score-Tracker.watchkitapp";
				PRODUCT_NAME = "$(TARGET_NAME)";
				SDKROOT = watchos;
				SKIP_INSTALL = YES;
				SWIFT_EMIT_LOC_STRINGS = YES;
				SWIFT_VERSION = 5.0;
				TARGETED_DEVICE_FAMILY = 4;
				VALIDATE_PRODUCT = YES;
				WATCHOS_DEPLOYMENT_TARGET = 9.4;
			};
			name = Release;
		};
		A0E4FA4A2A4C38DB00527A28 /* Debug */ = {
			isa = XCBuildConfiguration;
			buildSettings = {
				ALWAYS_EMBED_SWIFT_STANDARD_LIBRARIES = YES;
				CODE_SIGN_STYLE = Automatic;
				CURRENT_PROJECT_VERSION = 1;
				INFOPLIST_KEY_CFBundleDisplayName = "Tennis Score Tracker";
				MARKETING_VERSION = 1.0;
				PRODUCT_BUNDLE_IDENTIFIER = "com.LucasConsolati.Tennis-Score-Tracker";
				PRODUCT_NAME = "$(TARGET_NAME)";
				SDKROOT = iphoneos;
				SWIFT_VERSION = 5.0;
			};
			name = Debug;
		};
		A0E4FA4B2A4C38DB00527A28 /* Release */ = {
			isa = XCBuildConfiguration;
			buildSettings = {
				ALWAYS_EMBED_SWIFT_STANDARD_LIBRARIES = YES;
				CODE_SIGN_STYLE = Automatic;
				CURRENT_PROJECT_VERSION = 1;
				INFOPLIST_KEY_CFBundleDisplayName = "Tennis Score Tracker";
				MARKETING_VERSION = 1.0;
				PRODUCT_BUNDLE_IDENTIFIER = "com.LucasConsolati.Tennis-Score-Tracker";
				PRODUCT_NAME = "$(TARGET_NAME)";
				SDKROOT = iphoneos;
				SWIFT_VERSION = 5.0;
				VALIDATE_PRODUCT = YES;
			};
			name = Release;
		};
/* End XCBuildConfiguration section */

/* Begin XCConfigurationList section */
		A0E4FA2C2A4C38DA00527A28 /* Build configuration list for PBXProject "Tennis Score Tracker" */ = {
			isa = XCConfigurationList;
			buildConfigurations = (
				A0E4FA432A4C38DB00527A28 /* Debug */,
				A0E4FA442A4C38DB00527A28 /* Release */,
			);
			defaultConfigurationIsVisible = 0;
			defaultConfigurationName = Release;
		};
		A0E4FA452A4C38DB00527A28 /* Build configuration list for PBXNativeTarget "Tennis Score Tracker Watch App" */ = {
			isa = XCConfigurationList;
			buildConfigurations = (
				A0E4FA462A4C38DB00527A28 /* Debug */,
				A0E4FA472A4C38DB00527A28 /* Release */,
			);
			defaultConfigurationIsVisible = 0;
			defaultConfigurationName = Release;
		};
		A0E4FA492A4C38DB00527A28 /* Build configuration list for PBXNativeTarget "Tennis Score Tracker" */ = {
			isa = XCConfigurationList;
			buildConfigurations = (
				A0E4FA4A2A4C38DB00527A28 /* Debug */,
				A0E4FA4B2A4C38DB00527A28 /* Release */,
			);
			defaultConfigurationIsVisible = 0;
			defaultConfigurationName = Release;
		};
/* End XCConfigurationList section */
	};
	rootObject = A0E4FA292A4C38DA00527A28 /* Project object */;
}
